
Microsoft Visual Studio Solution File, Format Version 12.00
# Visual Studio Version 16
VisualStudioVersion = 16.0.33328.57
MinimumVisualStudioVersion = 10.0.40219.1
Project("{FAE04EC0-301F-11D3-BF4B-00C04F79EFBC}") = "FirstWebsite", "FirstWebsite.csproj", "{14E84326-2A2B-43E3-AEC0-CE1845242FA9}"
EndProject
Global
	GlobalSection(SolutionConfigurationPlatforms) = preSolution
		Debug|Any CPU = Debug|Any CPU
		Release|Any CPU = Release|Any CPU
	EndGlobalSection
	GlobalSection(ProjectConfigurationPlatforms) = postSolution
		{14E84326-2A2B-43E3-AEC0-CE1845242FA9}.Debug|Any CPU.ActiveCfg = Debug|Any CPU
		{14E84326-2A2B-43E3-AEC0-CE1845242FA9}.Debug|Any CPU.Build.0 = Debug|Any CPU
		{14E84326-2A2B-43E3-AEC0-CE1845242FA9}.Release|Any CPU.ActiveCfg = Release|Any CPU
		{14E84326-2A2B-43E3-AEC0-CE1845242FA9}.Release|Any CPU.Build.0 = Release|Any CPU
	EndGlobalSection
	GlobalSection(SolutionProperties) = preSolution
		HideSolutionNode = FALSE
	EndGlobalSection
	GlobalSection(ExtensibilityGlobals) = postSolution
		SolutionGuid = {01657CE4-3994-4C5A-88F6-ED669467976D}
	EndGlobalSection
EndGlobal
